Microsoft Visual Studio Solution File, Format Version 12.00
# Visual Studio Version 17
VisualStudioVersion = 17.5.2.0
MinimumVisualStudioVersion = 10.0.40219.1
Project("{FAE04EC0-301F-11D3-BF4B-00C04F79EFBC}") = "ConsoleAppSqlServer", "ConsoleAppSqlServer.csproj", "{684B67E5-7704-6316-204E-14767969BF16}"
EndProject
Global
	GlobalSection(SolutionConfigurationPlatforms) = preSolution
		Debug|Any CPU = Debug|Any CPU
		Release|Any CPU = Release|Any CPU
	EndGlobalSection
	GlobalSection(ProjectConfigurationPlatforms) = postSolution
		{684B67E5-7704-6316-204E-14767969BF16}.Debug|Any CPU.ActiveCfg = Debug|Any CPU
		{684B67E5-7704-6316-204E-14767969BF16}.Debug|Any CPU.Build.0 = Debug|Any CPU
		{684B67E5-7704-6316-204E-14767969BF16}.Release|Any CPU.ActiveCfg = Release|Any CPU
		{684B67E5-7704-6316-204E-14767969BF16}.Release|Any CPU.Build.0 = Release|Any CPU
	EndGlobalSection
	GlobalSection(SolutionProperties) = preSolution
		HideSolutionNode = FALSE
	EndGlobalSection
	GlobalSection(ExtensibilityGlobals) = postSolution
		SolutionGuid = {90F5EA96-B865-4D99-B99F-C4BE6A976AF1}
	EndGlobalSection
EndGlobal
